
Microsoft Visual Studio Solution File, Format Version 12.00
# Visual Studio Version 17
VisualStudioVersion = 17.10.35004.147
MinimumVisualStudioVersion = 10.0.40219.1
Project("{FAE04EC0-301F-11D3-BF4B-00C04F79EFBC}") = "Encriptacion", "Encriptacion.csproj", "{99CBA3EF-49FF-4D3C-BF3A-65D420534829}"
EndProject
Global
	GlobalSection(SolutionConfigurationPlatforms) = preSolution
		Debug|Any CPU = Debug|Any CPU
		Release|Any CPU = Release|Any CPU
	EndGlobalSection
	GlobalSection(ProjectConfigurationPlatforms) = postSolution
		{99CBA3EF-49FF-4D3C-BF3A-65D420534829}.Debug|Any CPU.ActiveCfg = Debug|Any CPU
		{99CBA3EF-49FF-4D3C-BF3A-65D420534829}.Debug|Any CPU.Build.0 = Debug|Any CPU
		{99CBA3EF-49FF-4D3C-BF3A-65D420534829}.Release|Any CPU.ActiveCfg = Release|Any CPU
		{99CBA3EF-49FF-4D3C-BF3A-65D420534829}.Release|Any CPU.Build.0 = Release|Any CPU
	EndGlobalSection
	GlobalSection(SolutionProperties) = preSolution
		HideSolutionNode = FALSE
	EndGlobalSection
	GlobalSection(ExtensibilityGlobals) = postSolution
		SolutionGuid = {F603AC84-7D2A-41F7-B784-E1EA2391BD61}
	EndGlobalSection
EndGlobal
